Microsoft Visual Studio Solution File, Format Version 10.00
# Visual Studio 2008

Project("{05D980A4-3549-F74E-CA6E-90594D0336FD}") = "PoohTheBear-CARROT-9776e43", "Assembly-CSharp-firstpass.csproj", "{28857A88-BC8F-0243-41DC-308AB731689A}"
EndProject
Project("{05D980A4-3549-F74E-CA6E-90594D0336FD}") = "PoohTheBear-CARROT-9776e43", "Assembly-UnityScript-firstpass.unityproj", "{39B24764-B0CE-A2DB-2E90-52B076477517}"
EndProject
Project("{05D980A4-3549-F74E-CA6E-90594D0336FD}") = "PoohTheBear-CARROT-9776e43", "Assembly-UnityScript.unityproj", "{D203A849-3C55-A159-8AD0-B0C20B73888F}"
EndProject
Global
	GlobalSection(SolutionConfigurationPlatforms) = preSolution
		Debug|Any CPU = Debug|Any CPU
		Release|Any CPU = Release|Any CPU
	EndGlobalSection
	GlobalSection(ProjectConfigurationPlatforms) = postSolution
		{28857A88-BC8F-0243-41DC-308AB731689A}.Debug|Any CPU.ActiveCfg = Debug|Any CPU
		{28857A88-BC8F-0243-41DC-308AB731689A}.Debug|Any CPU.Build.0 = Debug|Any CPU
		{28857A88-BC8F-0243-41DC-308AB731689A}.Release|Any CPU.ActiveCfg = Release|Any CPU
		{28857A88-BC8F-0243-41DC-308AB731689A}.Release|Any CPU.Build.0 = Release|Any CPU
		{39B24764-B0CE-A2DB-2E90-52B076477517}.Debug|Any CPU.ActiveCfg = Debug|Any CPU
		{39B24764-B0CE-A2DB-2E90-52B076477517}.Debug|Any CPU.Build.0 = Debug|Any CPU
		{39B24764-B0CE-A2DB-2E90-52B076477517}.Release|Any CPU.ActiveCfg = Release|Any CPU
		{39B24764-B0CE-A2DB-2E90-52B076477517}.Release|Any CPU.Build.0 = Release|Any CPU
		{D203A849-3C55-A159-8AD0-B0C20B73888F}.Debug|Any CPU.ActiveCfg = Debug|Any CPU
		{D203A849-3C55-A159-8AD0-B0C20B73888F}.Debug|Any CPU.Build.0 = Debug|Any CPU
		{D203A849-3C55-A159-8AD0-B0C20B73888F}.Release|Any CPU.ActiveCfg = Release|Any CPU
		{D203A849-3C55-A159-8AD0-B0C20B73888F}.Release|Any CPU.Build.0 = Release|Any CPU
	EndGlobalSection
	GlobalSection(SolutionProperties) = preSolution
		HideSolutionNode = FALSE
	EndGlobalSection
	
EndGlobal
